// !$*UTF8*$!
{
	archiveVersion = 1;
	classes = {
	};
	objectVersion = 46;
	objects = {

/* Begin PBXBuildFile section */
		A0BEE7CE1A6695320051CF4D /* main.m in Sources */ = {isa = PBXBuildFile; fileRef = A0BEE7CD1A6695320051CF4D /* main.m */; };
		A0BEE7D11A6695320051CF4D /* AppDelegate.m in Sources */ = {isa = PBXBuildFile; fileRef = A0BEE7D01A6695320051CF4D /* AppDelegate.m */; };
		A0BEE7D41A6695320051CF4D /* ViewController.m in Sources */ = {isa = PBXBuildFile; fileRef = A0BEE7D31A6695320051CF4D /* ViewController.m */; };
		A0BEE7D71A6695320051CF4D /* Main.storyboard in Resources */ = {isa = PBXBuildFile; fileRef = A0BEE7D51A6695320051CF4D /* Main.storyboard */; };
		A0BEE7D91A6695320051CF4D /* Images.xcassets in Resources */ = {isa = PBXBuildFile; fileRef = A0BEE7D81A6695320051CF4D /* Images.xcassets */; };
		A0BEE7DC1A6695320051CF4D /* LaunchScreen.xib in Resources */ = {isa = PBXBuildFile; fileRef = A0BEE7DA1A6695320051CF4D /* LaunchScreen.xib */; };
		A0BEE7E81A6695320051CF4D /* ExempleBlocksTests.m in Sources */ = {isa = PBXBuildFile; fileRef = A0BEE7E71A6695320051CF4D /* ExempleBlocksTests.m */; };
/* End PBXBuildFile section */

/* Begin PBXContainerItemProxy section */
		A0BEE7E21A6695320051CF4D /* PBXContainerItemProxy */ = {
			isa = PBXContainerItemProxy;
			containerPortal = A0BEE7C01A6695320051CF4D /* Project object */;
			proxyType = 1;
			remoteGlobalIDString = A0BEE7C71A6695320051CF4D;
			remoteInfo = ExempleBlocks;
		};
/* End PBXContainerItemProxy section */

/* Begin PBXFileReference section */
		A0BEE7C81A6695320051CF4D /* ExempleBlocks.app */ = {isa = PBXFileReference; explicitFileType = wrapper.application; includeInIndex = 0; path = ExempleBlocks.app; sourceTree = BUILT_PRODUCTS_DIR; };
		A0BEE7CC1A6695320051CF4D /* Info.plist */ = {isa = PBXFileReference; lastKnownFileType = text.plist.xml; path = Info.plist; sourceTree = "<group>"; };
		A0BEE7CD1A6695320051CF4D /* main.m */ = {isa = PBXFileReference; lastKnownFileType = sourcecode.c.objc; path = main.m; sourceTree = "<group>"; };
		A0BEE7CF1A6695320051CF4D /* AppDelegate.h */ = {isa = PBXFileReference; lastKnownFileType = sourcecode.c.h; path = AppDelegate.h; sourceTree = "<group>"; };
		A0BEE7D01A6695320051CF4D /* AppDelegate.m */ = {isa = PBXFileReference; lastKnownFileType = sourcecode.c.objc; path = AppDelegate.m; sourceTree = "<group>"; };
		A0BEE7D21A6695320051CF4D /* ViewController.h */ = {isa = PBXFileReference; lastKnownFileType = sourcecode.c.h; path = ViewController.h; sourceTree = "<group>"; };
		A0BEE7D31A6695320051CF4D /* ViewController.m */ = {isa = PBXFileReference; lastKnownFileType = sourcecode.c.objc; path = ViewController.m; sourceTree = "<group>"; };
		A0BEE7D61A6695320051CF4D /* Base */ = {isa = PBXFileReference; lastKnownFileType = file.storyboard; name = Base; path = Base.lproj/Main.storyboard; sourceTree = "<group>"; };
		A0BEE7D81A6695320051CF4D /* Images.xcassets */ = {isa = PBXFileReference; lastKnownFileType = folder.assetcatalog; path = Images.xcassets; sourceTree = "<group>"; };
		A0BEE7DB1A6695320051CF4D /* Base */ = {isa = PBXFileReference; lastKnownFileType = file.xib; name = Base; path = Base.lproj/LaunchScreen.xib; sourceTree = "<group>"; };
		A0BEE7E11A6695320051CF4D /* ExempleBlocksTests.xctest */ = {isa = PBXFileReference; explicitFileType = wrapper.cfbundle; includeInIndex = 0; path = ExempleBlocksTests.xctest; sourceTree = BUILT_PRODUCTS_DIR; };
		A0BEE7E61A6695320051CF4D /* Info.plist */ = {isa = PBXFileReference; lastKnownFileType = text.plist.xml; path = Info.plist; sourceTree = "<group>"; };
		A0BEE7E71A6695320051CF4D /* ExempleBlocksTests.m */ = {isa = PBXFileReference; lastKnownFileType = sourcecode.c.objc; path = ExempleBlocksTests.m; sourceTree = "<group>"; };
/* End PBXFileReference section */

/* Begin PBXFrameworksBuildPhase section */
		A0BEE7C51A6695320051CF4D /* Frameworks */ = {
			isa = PBXFrameworksBuildPhase;
			buildActionMask = 2147483647;
			files = (
			);
			runOnlyForDeploymentPostprocessing = 0;
		};
		A0BEE7DE1A6695320051CF4D /* Frameworks */ = {
			isa = PBXFrameworksBuildPhase;
			buildActionMask = 2147483647;
			files = (
			);
			runOnlyForDeploymentPostprocessing = 0;
		};
/* End PBXFrameworksBuildPhase section */

/* Begin PBXGroup section */
		A0BEE7BF1A6695320051CF4D = {
			isa = PBXGroup;
			children = (
				A0BEE7CA1A6695320051CF4D /* ExempleBlocks */,
				A0BEE7E41A6695320051CF4D /* ExempleBlocksTests */,
				A0BEE7C91A6695320051CF4D /* Products */,
			);
			sourceTree = "<group>";
		};
		A0BEE7C91A6695320051CF4D /* Products */ = {
			isa = PBXGroup;
			children = (
				A0BEE7C81A6695320051CF4D /* ExempleBlocks.app */,
				A0BEE7E11A6695320051CF4D /* ExempleBlocksTests.xctest */,
			);
			name = Products;
			sourceTree = "<group>";
		};
		A0BEE7CA1A6695320051CF4D /* ExempleBlocks */ = {
			isa = PBXGroup;
			children = (
				A0BEE7CF1A6695320051CF4D /* AppDelegate.h */,
				A0BEE7D01A6695320051CF4D /* AppDelegate.m */,
				A0BEE7D21A6695320051CF4D /* ViewController.h */,
				A0BEE7D31A6695320051CF4D /* ViewController.m */,
				A0BEE7D51A6695320051CF4D /* Main.storyboard */,
				A0BEE7D81A6695320051CF4D /* Images.xcassets */,
				A0BEE7DA1A6695320051CF4D /* LaunchScreen.xib */,
				A0BEE7CB1A6695320051CF4D /* Supporting Files */,
			);
			path = ExempleBlocks;
			sourceTree = "<group>";
		};
		A0BEE7CB1A6695320051CF4D /* Supporting Files */ = {
			isa = PBXGroup;
			children = (
				A0BEE7CC1A6695320051CF4D /* Info.plist */,
				A0BEE7CD1A6695320051CF4D /* main.m */,
			);
			name = "Supporting Files";
			sourceTree = "<group>";
		};
		A0BEE7E41A6695320051CF4D /* ExempleBlocksTests */ = {
			isa = PBXGroup;
			children = (
				A0BEE7E71A6695320051CF4D /* ExempleBlocksTests.m */,
				A0BEE7E51A6695320051CF4D /* Supporting Files */,
			);
			path = ExempleBlocksTests;
			sourceTree = "<group>";
		};
		A0BEE7E51A6695320051CF4D /* Supporting Files */ = {
			isa = PBXGroup;
			children = (
				A0BEE7E61A6695320051CF4D /* Info.plist */,
			);
			name = "Supporting Files";
			sourceTree = "<group>";
		};
/* End PBXGroup section */

/* Begin PBXNativeTarget section */
		A0BEE7C71A6695320051CF4D /* ExempleBlocks */ = {
			isa = PBXNativeTarget;
			buildConfigurationList = A0BEE7EB1A6695320051CF4D /* Build configuration list for PBXNativeTarget "ExempleBlocks" */;
			buildPhases = (
				A0BEE7C41A6695320051CF4D /* Sources */,
				A0BEE7C51A6695320051CF4D /* Frameworks */,
				A0BEE7C61A6695320051CF4D /* Resources */,
			);
			buildRules = (
			);
			dependencies = (
			);
			name = ExempleBlocks;
			productName = ExempleBlocks;
			productReference = A0BEE7C81A6695320051CF4D /* ExempleBlocks.app */;
			productType = "com.apple.product-type.application";
		};
		A0BEE7E01A6695320051CF4D /* ExempleBlocksTests */ = {
			isa = PBXNativeTarget;
			buildConfigurationList = A0BEE7EE1A6695320051CF4D /* Build configuration list for PBXNativeTarget "ExempleBlocksTests" */;
			buildPhases = (
				A0BEE7DD1A6695320051CF4D /* Sources */,
				A0BEE7DE1A6695320051CF4D /* Frameworks */,
				A0BEE7DF1A6695320051CF4D /* Resources */,
			);
			buildRules = (
			);
			dependencies = (
				A0BEE7E31A6695320051CF4D /* PBXTargetDependency */,
			);
			name = ExempleBlocksTests;
			productName = ExempleBlocksTests;
			productReference = A0BEE7E11A6695320051CF4D /* ExempleBlocksTests.xctest */;
			productType = "com.apple.product-type.bundle.unit-test";
		};
/* End PBXNativeTarget section */

/* Begin PBXProject section */
		A0BEE7C01A6695320051CF4D /* Project object */ = {
			isa = PBXProject;
			attributes = {
				LastUpgradeCheck = 0610;
				ORGANIZATIONNAME = "Diego Vidal";
				TargetAttributes = {
					A0BEE7C71A6695320051CF4D = {
						CreatedOnToolsVersion = 6.1.1;
					};
					A0BEE7E01A6695320051CF4D = {
						CreatedOnToolsVersion = 6.1.1;
						TestTargetID = A0BEE7C71A6695320051CF4D;
					};
				};
			};
			buildConfigurationList = A0BEE7C31A6695320051CF4D /* Build configuration list for PBXProject "ExempleBlocks" */;
			compatibilityVersion = "Xcode 3.2";
			developmentRegion = English;
			hasScannedForEncodings = 0;
			knownRegions = (
				en,
				Base,
			);
			mainGroup = A0BEE7BF1A6695320051CF4D;
			productRefGroup = A0BEE7C91A6695320051CF4D /* Products */;
			projectDirPath = "";
			projectRoot = "";
			targets = (
				A0BEE7C71A6695320051CF4D /* ExempleBlocks */,
				A0BEE7E01A6695320051CF4D /* ExempleBlocksTests */,
			);
		};
/* End PBXProject section */

/* Begin PBXResourcesBuildPhase section */
		A0BEE7C61A6695320051CF4D /* Resources */ = {
			isa = PBXResourcesBuildPhase;
			buildActionMask = 2147483647;
			files = (
				A0BEE7D71A6695320051CF4D /* Main.storyboard in Resources */,
				A0BEE7DC1A6695320051CF4D /* LaunchScreen.xib in Resources */,
				A0BEE7D91A6695320051CF4D /* Images.xcassets in Resources */,
			);
			runOnlyForDeploymentPostprocessing = 0;
		};
		A0BEE7DF1A6695320051CF4D /* Resources */ = {
			isa = PBXResourcesBuildPhase;
			buildActionMask = 2147483647;
			files = (
			);
			runOnlyForDeploymentPostprocessing = 0;
		};
/* End PBXResourcesBuildPhase section */

/* Begin PBXSourcesBuildPhase section */
		A0BEE7C41A6695320051CF4D /* Sources */ = {
			isa = PBXSourcesBuildPhase;
			buildActionMask = 2147483647;
			files = (
				A0BEE7D41A6695320051CF4D /* ViewController.m in Sources */,
				A0BEE7D11A6695320051CF4D /* AppDelegate.m in Sources */,
				A0BEE7CE1A6695320051CF4D /* main.m in Sources */,
			);
			runOnlyForDeploymentPostprocessing = 0;
		};
		A0BEE7DD1A6695320051CF4D /* Sources */ = {
			isa = PBXSourcesBuildPhase;
			buildActionMask = 2147483647;
			files = (
				A0BEE7E81A6695320051CF4D /* ExempleBlocksTests.m in Sources */,
			);
			runOnlyForDeploymentPostprocessing = 0;
		};
/* End PBXSourcesBuildPhase section */

/* Begin PBXTargetDependency section */
		A0BEE7E31A6695320051CF4D /* PBXTargetDependency */ = {
			isa = PBXTargetDependency;
			target = A0BEE7C71A6695320051CF4D /* ExempleBlocks */;
			targetProxy = A0BEE7E21A6695320051CF4D /* PBXContainerItemProxy */;
		};
/* End PBXTargetDependency section */

/* Begin PBXVariantGroup section */
		A0BEE7D51A6695320051CF4D /* Main.storyboard */ = {
			isa = PBXVariantGroup;
			children = (
				A0BEE7D61A6695320051CF4D /* Base */,
			);
			name = Main.storyboard;
			sourceTree = "<group>";
		};
		A0BEE7DA1A6695320051CF4D /* LaunchScreen.xib */ = {
			isa = PBXVariantGroup;
			children = (
				A0BEE7DB1A6695320051CF4D /* Base */,
			);
			name = LaunchScreen.xib;
			sourceTree = "<group>";
		};
/* End PBXVariantGroup section */

/* Begin XCBuildConfiguration section */
		A0BEE7E91A6695320051CF4D /* Debug */ = {
			isa = XCBuildConfiguration;
			buildSettings = {
				ALWAYS_SEARCH_USER_PATHS = NO;
				CLANG_CXX_LANGUAGE_STANDARD = "gnu++0x";
				CLANG_CXX_LIBRARY = "libc++";
				CLANG_ENABLE_MODULES = YES;
				CLANG_ENABLE_OBJC_ARC = YES;
				CLANG_WARN_BOOL_CONVERSION = YES;
				CLANG_WARN_CONSTANT_CONVERSION = YES;
				CLANG_WARN_DIRECT_OBJC_ISA_USAGE = YES_ERROR;
				CLANG_WARN_EMPTY_BODY = YES;
				CLANG_WARN_ENUM_CONVERSION = YES;
				CLANG_WARN_INT_CONVERSION = YES;
				CLANG_WARN_OBJC_ROOT_CLASS = YES_ERROR;
				CLANG_WARN_UNREACHABLE_CODE = YES;
				CLANG_WARN__DUPLICATE_METHOD_MATCH = YES;
				"CODE_SIGN_IDENTITY[sdk=iphoneos*]" = "iPhone Developer";
				COPY_PHASE_STRIP = NO;
				ENABLE_STRICT_OBJC_MSGSEND = YES;
				GCC_C_LANGUAGE_STANDARD = gnu99;
				GCC_DYNAMIC_NO_PIC = NO;
				GCC_OPTIMIZATION_LEVEL = 0;
				GCC_PREPROCESSOR_DEFINITIONS = (
					"DEBUG=1",
					"$(inherited)",
				);
				GCC_SYMBOLS_PRIVATE_EXTERN = NO;
				GCC_WARN_64_TO_32_BIT_CONVERSION = YES;
				GCC_WARN_ABOUT_RETURN_TYPE = YES_ERROR;
				GCC_WARN_UNDECLARED_SELECTOR = YES;
				GCC_WARN_UNINITIALIZED_AUTOS = YES_AGGRESSIVE;
				GCC_WARN_UNUSED_FUNCTION = YES;
				GCC_WARN_UNUSED_VARIABLE = YES;
				IPHONEOS_DEPLOYMENT_TARGET = 8.1;
				MTL_ENABLE_DEBUG_INFO = YES;
				ONLY_ACTIVE_ARCH = YES;
				SDKROOT = iphoneos;
			};
			name = Debug;
		};
		A0BEE7EA1A6695320051CF4D /* Release */ = {
			isa = XCBuildConfiguration;
			buildSettings = {
				ALWAYS_SEARCH_USER_PATHS = NO;
				CLANG_CXX_LANGUAGE_STANDARD = "gnu++0x";
				CLANG_CXX_LIBRARY = "libc++";
				CLANG_ENABLE_MODULES = YES;
				CLANG_ENABLE_OBJC_ARC = YES;
				CLANG_WARN_BOOL_CONVERSION = YES;
				CLANG_WARN_CONSTANT_CONVERSION = YES;
				CLANG_WARN_DIRECT_OBJC_ISA_USAGE = YES_ERROR;
				CLANG_WARN_EMPTY_BODY = YES;
				CLANG_WARN_ENUM_CONVERSION = YES;
				CLANG_WARN_INT_CONVERSION = YES;
				CLANG_WARN_OBJC_ROOT_CLASS = YES_ERROR;
				CLANG_WARN_UNREACHABLE_CODE = YES;
				CLANG_WARN__DUPLICATE_METHOD_MATCH = YES;
				"CODE_SIGN_IDENTITY[sdk=iphoneos*]" = "iPhone Developer";
				COPY_PHASE_STRIP = YES;
				ENABLE_NS_ASSERTIONS = NO;
				ENABLE_STRICT_OBJC_MSGSEND = YES;
				GCC_C_LANGUAGE_STANDARD = gnu99;
				GCC_WARN_64_TO_32_BIT_CONVERSION = YES;
				GCC_WARN_ABOUT_RETURN_TYPE = YES_ERROR;
				GCC_WARN_UNDECLARED_SELECTOR = YES;
				GCC_WARN_UNINITIALIZED_AUTOS = YES_AGGRESSIVE;
				GCC_WARN_UNUSED_FUNCTION = YES;
				GCC_WARN_UNUSED_VARIABLE = YES;
				IPHONEOS_DEPLOYMENT_TARGET = 8.1;
				MTL_ENABLE_DEBUG_INFO = NO;
				SDKROOT = iphoneos;
				VALIDATE_PRODUCT = YES;
			};
			name = Release;
		};
		A0BEE7EC1A6695320051CF4D /* Debug */ = {
			isa = XCBuildConfiguration;
			buildSettings = {
				ASSETCATALOG_COMPILER_APPICON_NAME = AppIcon;
				INFOPLIST_FILE = ExempleBlocks/Info.plist;
				LD_RUNPATH_SEARCH_PATHS = "$(inherited) @executable_path/Frameworks";
				PRODUCT_NAME = "$(TARGET_NAME)";
			};
			name = Debug;
		};
		A0BEE7ED1A6695320051CF4D /* Release */ = {
			isa = XCBuildConfiguration;
			buildSettings = {
				ASSETCATALOG_COMPILER_APPICON_NAME = AppIcon;
				INFOPLIST_FILE = ExempleBlocks/Info.plist;
				LD_RUNPATH_SEARCH_PATHS = "$(inherited) @executable_path/Frameworks";
				PRODUCT_NAME = "$(TARGET_NAME)";
			};
			name = Release;
		};
		A0BEE7EF1A6695320051CF4D /* Debug */ = {
			isa = XCBuildConfiguration;
			buildSettings = {
				BUNDLE_LOADER = "$(TEST_HOST)";
				FRAMEWORK_SEARCH_PATHS = (
					"$(SDKROOT)/Developer/Library/Frameworks",
					"$(inherited)",
				);
				GCC_PREPROCESSOR_DEFINITIONS = (
					"DEBUG=1",
					"$(inherited)",
				);
				INFOPLIST_FILE = ExempleBlocksTests/Info.plist;
				LD_RUNPATH_SEARCH_PATHS = "$(inherited) @executable_path/Frameworks @loader_path/Frameworks";
				PRODUCT_NAME = "$(TARGET_NAME)";
				TEST_HOST = "$(BUILT_PRODUCTS_DIR)/ExempleBlocks.app/ExempleBlocks";
			};
			name = Debug;
		};
		A0BEE7F01A6695320051CF4D /* Release */ = {
			isa = XCBuildConfiguration;
			buildSettings = {
				BUNDLE_LOADER = "$(TEST_HOST)";
				FRAMEWORK_SEARCH_PATHS = (
					"$(SDKROOT)/Developer/Library/Frameworks",
					"$(inherited)",
				);
				INFOPLIST_FILE = ExempleBlocksTests/Info.plist;
				LD_RUNPATH_SEARCH_PATHS = "$(inherited) @executable_path/Frameworks @loader_path/Frameworks";
				PRODUCT_NAME = "$(TARGET_NAME)";
				TEST_HOST = "$(BUILT_PRODUCTS_DIR)/ExempleBlocks.app/ExempleBlocks";
			};
			name = Release;
		};
/* End XCBuildConfiguration section */

/* Begin XCConfigurationList section */
		A0BEE7C31A6695320051CF4D /* Build configuration list for PBXProject "ExempleBlocks" */ = {
			isa = XCConfigurationList;
			buildConfigurations = (
				A0BEE7E91A6695320051CF4D /* Debug */,
				A0BEE7EA1A6695320051CF4D /* Release */,
			);
			defaultConfigurationIsVisible = 0;
			defaultConfigurationName = Release;
		};
		A0BEE7EB1A6695320051CF4D /* Build configuration list for PBXNativeTarget "ExempleBlocks" */ = {
			isa = XCConfigurationList;
			buildConfigurations = (
				A0BEE7EC1A6695320051CF4D /* Debug */,
				A0BEE7ED1A6695320051CF4D /* Release */,
			);
			defaultConfigurationIsVisible = 0;
		};
		A0BEE7EE1A6695320051CF4D /* Build configuration list for PBXNativeTarget "ExempleBlocksTests" */ = {
			isa = XCConfigurationList;
			buildConfigurations = (
				A0BEE7EF1A6695320051CF4D /* Debug */,
				A0BEE7F01A6695320051CF4D /* Release */,
			);
			defaultConfigurationIsVisible = 0;
		};
/* End XCConfigurationList section */
	};
	rootObject = A0BEE7C01A6695320051CF4D /* Project object */;
}
