// !$*UTF8*$!
{
	archiveVersion = 1;
	classes = {
	};
	objectVersion = 46;
	objects = {

/* Begin PBXBuildFile section */
		A00609B01B58565D0072DADB /* AppDelegate.swift in Sources */ = {isa = PBXBuildFile; fileRef = A00609AF1B58565D0072DADB /* AppDelegate.swift */; };
		A00609B21B58565D0072DADB /* GameScene.sks in Resources */ = {isa = PBXBuildFile; fileRef = A00609B11B58565D0072DADB /* GameScene.sks */; };
		A00609B41B58565D0072DADB /* GameScene.swift in Sources */ = {isa = PBXBuildFile; fileRef = A00609B31B58565D0072DADB /* GameScene.swift */; };
		A00609B61B58565D0072DADB /* GameViewController.swift in Sources */ = {isa = PBXBuildFile; fileRef = A00609B51B58565D0072DADB /* GameViewController.swift */; };
		A00609B91B58565D0072DADB /* Main.storyboard in Resources */ = {isa = PBXBuildFile; fileRef = A00609B71B58565D0072DADB /* Main.storyboard */; };
		A00609BB1B58565D0072DADB /* Images.xcassets in Resources */ = {isa = PBXBuildFile; fileRef = A00609BA1B58565D0072DADB /* Images.xcassets */; };
		A00609BE1B58565D0072DADB /* LaunchScreen.xib in Resources */ = {isa = PBXBuildFile; fileRef = A00609BC1B58565D0072DADB /* LaunchScreen.xib */; };
		A00609CA1B58565D0072DADB /* BuckyBlasterTests.swift in Sources */ = {isa = PBXBuildFile; fileRef = A00609C91B58565D0072DADB /* BuckyBlasterTests.swift */; };
		A00609D41B585AC00072DADB /* ShooterScene.swift in Sources */ = {isa = PBXBuildFile; fileRef = A00609D31B585AC00072DADB /* ShooterScene.swift */; };
		A00609D61B585B020072DADB /* ShooterScene.sks in Resources */ = {isa = PBXBuildFile; fileRef = A00609D51B585B020072DADB /* ShooterScene.sks */; };
/* End PBXBuildFile section */

/* Begin PBXContainerItemProxy section */
		A00609C41B58565D0072DADB /* PBXContainerItemProxy */ = {
			isa = PBXContainerItemProxy;
			containerPortal = A00609A21B58565D0072DADB /* Project object */;
			proxyType = 1;
			remoteGlobalIDString = A00609A91B58565D0072DADB;
			remoteInfo = BuckyBlaster;
		};
/* End PBXContainerItemProxy section */

/* Begin PBXFileReference section */
		A00609AA1B58565D0072DADB /* BuckyBlaster.app */ = {isa = PBXFileReference; explicitFileType = wrapper.application; includeInIndex = 0; path = BuckyBlaster.app; sourceTree = BUILT_PRODUCTS_DIR; };
		A00609AE1B58565D0072DADB /* Info.plist */ = {isa = PBXFileReference; lastKnownFileType = text.plist.xml; path = Info.plist; sourceTree = "<group>"; };
		A00609AF1B58565D0072DADB /* AppDelegate.swift */ = {isa = PBXFileReference; lastKnownFileType = sourcecode.swift; path = AppDelegate.swift; sourceTree = "<group>"; };
		A00609B11B58565D0072DADB /* GameScene.sks */ = {isa = PBXFileReference; lastKnownFileType = file.sks; path = GameScene.sks; sourceTree = "<group>"; };
		A00609B31B58565D0072DADB /* GameScene.swift */ = {isa = PBXFileReference; lastKnownFileType = sourcecode.swift; path = GameScene.swift; sourceTree = "<group>"; };
		A00609B51B58565D0072DADB /* GameViewController.swift */ = {isa = PBXFileReference; lastKnownFileType = sourcecode.swift; path = GameViewController.swift; sourceTree = "<group>"; };
		A00609B81B58565D0072DADB /* Base */ = {isa = PBXFileReference; lastKnownFileType = file.storyboard; name = Base; path = Base.lproj/Main.storyboard; sourceTree = "<group>"; };
		A00609BA1B58565D0072DADB /* Images.xcassets */ = {isa = PBXFileReference; lastKnownFileType = folder.assetcatalog; path = Images.xcassets; sourceTree = "<group>"; };
		A00609BD1B58565D0072DADB /* Base */ = {isa = PBXFileReference; lastKnownFileType = file.xib; name = Base; path = Base.lproj/LaunchScreen.xib; sourceTree = "<group>"; };
		A00609C31B58565D0072DADB /* BuckyBlasterTests.xctest */ = {isa = PBXFileReference; explicitFileType = wrapper.cfbundle; includeInIndex = 0; path = BuckyBlasterTests.xctest; sourceTree = BUILT_PRODUCTS_DIR; };
		A00609C81B58565D0072DADB /* Info.plist */ = {isa = PBXFileReference; lastKnownFileType = text.plist.xml; path = Info.plist; sourceTree = "<group>"; };
		A00609C91B58565D0072DADB /* BuckyBlasterTests.swift */ = {isa = PBXFileReference; lastKnownFileType = sourcecode.swift; path = BuckyBlasterTests.swift; sourceTree = "<group>"; };
		A00609D31B585AC00072DADB /* ShooterScene.swift */ = {isa = PBXFileReference; fileEncoding = 4; lastKnownFileType = sourcecode.swift; path = ShooterScene.swift; sourceTree = "<group>"; };
		A00609D51B585B020072DADB /* ShooterScene.sks */ = {isa = PBXFileReference; lastKnownFileType = file.sks; path = ShooterScene.sks; sourceTree = "<group>"; };
/* End PBXFileReference section */

/* Begin PBXFrameworksBuildPhase section */
		A00609A71B58565D0072DADB /* Frameworks */ = {
			isa = PBXFrameworksBuildPhase;
			buildActionMask = 2147483647;
			files = (
			);
			runOnlyForDeploymentPostprocessing = 0;
		};
		A00609C01B58565D0072DADB /* Frameworks */ = {
			isa = PBXFrameworksBuildPhase;
			buildActionMask = 2147483647;
			files = (
			);
			runOnlyForDeploymentPostprocessing = 0;
		};
/* End PBXFrameworksBuildPhase section */

/* Begin PBXGroup section */
		A00609A11B58565D0072DADB = {
			isa = PBXGroup;
			children = (
				A00609AC1B58565D0072DADB /* BuckyBlaster */,
				A00609C61B58565D0072DADB /* BuckyBlasterTests */,
				A00609AB1B58565D0072DADB /* Products */,
			);
			sourceTree = "<group>";
		};
		A00609AB1B58565D0072DADB /* Products */ = {
			isa = PBXGroup;
			children = (
				A00609AA1B58565D0072DADB /* BuckyBlaster.app */,
				A00609C31B58565D0072DADB /* BuckyBlasterTests.xctest */,
			);
			name = Products;
			sourceTree = "<group>";
		};
		A00609AC1B58565D0072DADB /* BuckyBlaster */ = {
			isa = PBXGroup;
			children = (
				A00609AF1B58565D0072DADB /* AppDelegate.swift */,
				A00609B11B58565D0072DADB /* GameScene.sks */,
				A00609D31B585AC00072DADB /* ShooterScene.swift */,
				A00609D51B585B020072DADB /* ShooterScene.sks */,
				A00609B31B58565D0072DADB /* GameScene.swift */,
				A00609B51B58565D0072DADB /* GameViewController.swift */,
				A00609B71B58565D0072DADB /* Main.storyboard */,
				A00609BA1B58565D0072DADB /* Images.xcassets */,
				A00609BC1B58565D0072DADB /* LaunchScreen.xib */,
				A00609AD1B58565D0072DADB /* Supporting Files */,
			);
			path = BuckyBlaster;
			sourceTree = "<group>";
		};
		A00609AD1B58565D0072DADB /* Supporting Files */ = {
			isa = PBXGroup;
			children = (
				A00609AE1B58565D0072DADB /* Info.plist */,
			);
			name = "Supporting Files";
			sourceTree = "<group>";
		};
		A00609C61B58565D0072DADB /* BuckyBlasterTests */ = {
			isa = PBXGroup;
			children = (
				A00609C91B58565D0072DADB /* BuckyBlasterTests.swift */,
				A00609C71B58565D0072DADB /* Supporting Files */,
			);
			path = BuckyBlasterTests;
			sourceTree = "<group>";
		};
		A00609C71B58565D0072DADB /* Supporting Files */ = {
			isa = PBXGroup;
			children = (
				A00609C81B58565D0072DADB /* Info.plist */,
			);
			name = "Supporting Files";
			sourceTree = "<group>";
		};
/* End PBXGroup section */

/* Begin PBXNativeTarget section */
		A00609A91B58565D0072DADB /* BuckyBlaster */ = {
			isa = PBXNativeTarget;
			buildConfigurationList = A00609CD1B58565D0072DADB /* Build configuration list for PBXNativeTarget "BuckyBlaster" */;
			buildPhases = (
				A00609A61B58565D0072DADB /* Sources */,
				A00609A71B58565D0072DADB /* Frameworks */,
				A00609A81B58565D0072DADB /* Resources */,
			);
			buildRules = (
			);
			dependencies = (
			);
			name = BuckyBlaster;
			productName = BuckyBlaster;
			productReference = A00609AA1B58565D0072DADB /* BuckyBlaster.app */;
			productType = "com.apple.product-type.application";
		};
		A00609C21B58565D0072DADB /* BuckyBlasterTests */ = {
			isa = PBXNativeTarget;
			buildConfigurationList = A00609D01B58565D0072DADB /* Build configuration list for PBXNativeTarget "BuckyBlasterTests" */;
			buildPhases = (
				A00609BF1B58565D0072DADB /* Sources */,
				A00609C01B58565D0072DADB /* Frameworks */,
				A00609C11B58565D0072DADB /* Resources */,
			);
			buildRules = (
			);
			dependencies = (
				A00609C51B58565D0072DADB /* PBXTargetDependency */,
			);
			name = BuckyBlasterTests;
			productName = BuckyBlasterTests;
			productReference = A00609C31B58565D0072DADB /* BuckyBlasterTests.xctest */;
			productType = "com.apple.product-type.bundle.unit-test";
		};
/* End PBXNativeTarget section */

/* Begin PBXProject section */
		A00609A21B58565D0072DADB /* Project object */ = {
			isa = PBXProject;
			attributes = {
				LastUpgradeCheck = 0640;
				ORGANIZATIONNAME = "Diego Vidal";
				TargetAttributes = {
					A00609A91B58565D0072DADB = {
						CreatedOnToolsVersion = 6.4;
					};
					A00609C21B58565D0072DADB = {
						CreatedOnToolsVersion = 6.4;
						TestTargetID = A00609A91B58565D0072DADB;
					};
				};
			};
			buildConfigurationList = A00609A51B58565D0072DADB /* Build configuration list for PBXProject "BuckyBlaster" */;
			compatibilityVersion = "Xcode 3.2";
			developmentRegion = English;
			hasScannedForEncodings = 0;
			knownRegions = (
				en,
				Base,
			);
			mainGroup = A00609A11B58565D0072DADB;
			productRefGroup = A00609AB1B58565D0072DADB /* Products */;
			projectDirPath = "";
			projectRoot = "";
			targets = (
				A00609A91B58565D0072DADB /* BuckyBlaster */,
				A00609C21B58565D0072DADB /* BuckyBlasterTests */,
			);
		};
/* End PBXProject section */

/* Begin PBXResourcesBuildPhase section */
		A00609A81B58565D0072DADB /* Resources */ = {
			isa = PBXResourcesBuildPhase;
			buildActionMask = 2147483647;
			files = (
				A00609BE1B58565D0072DADB /* LaunchScreen.xib in Resources */,
				A00609BB1B58565D0072DADB /* Images.xcassets in Resources */,
				A00609B21B58565D0072DADB /* GameScene.sks in Resources */,
				A00609B91B58565D0072DADB /* Main.storyboard in Resources */,
				A00609D61B585B020072DADB /* ShooterScene.sks in Resources */,
			);
			runOnlyForDeploymentPostprocessing = 0;
		};
		A00609C11B58565D0072DADB /* Resources */ = {
			isa = PBXResourcesBuildPhase;
			buildActionMask = 2147483647;
			files = (
			);
			runOnlyForDeploymentPostprocessing = 0;
		};
/* End PBXResourcesBuildPhase section */

/* Begin PBXSourcesBuildPhase section */
		A00609A61B58565D0072DADB /* Sources */ = {
			isa = PBXSourcesBuildPhase;
			buildActionMask = 2147483647;
			files = (
				A00609B41B58565D0072DADB /* GameScene.swift in Sources */,
				A00609B61B58565D0072DADB /* GameViewController.swift in Sources */,
				A00609B01B58565D0072DADB /* AppDelegate.swift in Sources */,
				A00609D41B585AC00072DADB /* ShooterScene.swift in Sources */,
			);
			runOnlyForDeploymentPostprocessing = 0;
		};
		A00609BF1B58565D0072DADB /* Sources */ = {
			isa = PBXSourcesBuildPhase;
			buildActionMask = 2147483647;
			files = (
				A00609CA1B58565D0072DADB /* BuckyBlasterTests.swift in Sources */,
			);
			runOnlyForDeploymentPostprocessing = 0;
		};
/* End PBXSourcesBuildPhase section */

/* Begin PBXTargetDependency section */
		A00609C51B58565D0072DADB /* PBXTargetDependency */ = {
			isa = PBXTargetDependency;
			target = A00609A91B58565D0072DADB /* BuckyBlaster */;
			targetProxy = A00609C41B58565D0072DADB /* PBXContainerItemProxy */;
		};
/* End PBXTargetDependency section */

/* Begin PBXVariantGroup section */
		A00609B71B58565D0072DADB /* Main.storyboard */ = {
			isa = PBXVariantGroup;
			children = (
				A00609B81B58565D0072DADB /* Base */,
			);
			name = Main.storyboard;
			sourceTree = "<group>";
		};
		A00609BC1B58565D0072DADB /* LaunchScreen.xib */ = {
			isa = PBXVariantGroup;
			children = (
				A00609BD1B58565D0072DADB /* Base */,
			);
			name = LaunchScreen.xib;
			sourceTree = "<group>";
		};
/* End PBXVariantGroup section */

/* Begin XCBuildConfiguration section */
		A00609CB1B58565D0072DADB /* Debug */ = {
			isa = XCBuildConfiguration;
			buildSettings = {
				ALWAYS_SEARCH_USER_PATHS = NO;
				CLANG_CXX_LANGUAGE_STANDARD = "gnu++0x";
				CLANG_CXX_LIBRARY = "libc++";
				CLANG_ENABLE_MODULES = YES;
				CLANG_ENABLE_OBJC_ARC = YES;
				CLANG_WARN_BOOL_CONVERSION = YES;
				CLANG_WARN_CONSTANT_CONVERSION = YES;
				CLANG_WARN_DIRECT_OBJC_ISA_USAGE = YES_ERROR;
				CLANG_WARN_EMPTY_BODY = YES;
				CLANG_WARN_ENUM_CONVERSION = YES;
				CLANG_WARN_INT_CONVERSION = YES;
				CLANG_WARN_OBJC_ROOT_CLASS = YES_ERROR;
				CLANG_WARN_UNREACHABLE_CODE = YES;
				CLANG_WARN__DUPLICATE_METHOD_MATCH = YES;
				"CODE_SIGN_IDENTITY[sdk=iphoneos*]" = "iPhone Developer";
				COPY_PHASE_STRIP = NO;
				DEBUG_INFORMATION_FORMAT = "dwarf-with-dsym";
				ENABLE_STRICT_OBJC_MSGSEND = YES;
				GCC_C_LANGUAGE_STANDARD = gnu99;
				GCC_DYNAMIC_NO_PIC = NO;
				GCC_NO_COMMON_BLOCKS = YES;
				GCC_OPTIMIZATION_LEVEL = 0;
				GCC_PREPROCESSOR_DEFINITIONS = (
					"DEBUG=1",
					"$(inherited)",
				);
				GCC_SYMBOLS_PRIVATE_EXTERN = NO;
				GCC_WARN_64_TO_32_BIT_CONVERSION = YES;
				GCC_WARN_ABOUT_RETURN_TYPE = YES_ERROR;
				GCC_WARN_UNDECLARED_SELECTOR = YES;
				GCC_WARN_UNINITIALIZED_AUTOS = YES_AGGRESSIVE;
				GCC_WARN_UNUSED_FUNCTION = YES;
				GCC_WARN_UNUSED_VARIABLE = YES;
				IPHONEOS_DEPLOYMENT_TARGET = 8.4;
				MTL_ENABLE_DEBUG_INFO = YES;
				ONLY_ACTIVE_ARCH = YES;
				SDKROOT = iphoneos;
				SWIFT_OPTIMIZATION_LEVEL = "-Onone";
				TARGETED_DEVICE_FAMILY = "1,2";
			};
			name = Debug;
		};
		A00609CC1B58565D0072DADB /* Release */ = {
			isa = XCBuildConfiguration;
			buildSettings = {
				ALWAYS_SEARCH_USER_PATHS = NO;
				CLANG_CXX_LANGUAGE_STANDARD = "gnu++0x";
				CLANG_CXX_LIBRARY = "libc++";
				CLANG_ENABLE_MODULES = YES;
				CLANG_ENABLE_OBJC_ARC = YES;
				CLANG_WARN_BOOL_CONVERSION = YES;
				CLANG_WARN_CONSTANT_CONVERSION = YES;
				CLANG_WARN_DIRECT_OBJC_ISA_USAGE = YES_ERROR;
				CLANG_WARN_EMPTY_BODY = YES;
				CLANG_WARN_ENUM_CONVERSION = YES;
				CLANG_WARN_INT_CONVERSION = YES;
				CLANG_WARN_OBJC_ROOT_CLASS = YES_ERROR;
				CLANG_WARN_UNREACHABLE_CODE = YES;
				CLANG_WARN__DUPLICATE_METHOD_MATCH = YES;
				"CODE_SIGN_IDENTITY[sdk=iphoneos*]" = "iPhone Developer";
				COPY_PHASE_STRIP = NO;
				DEBUG_INFORMATION_FORMAT = "dwarf-with-dsym";
				ENABLE_NS_ASSERTIONS = NO;
				ENABLE_STRICT_OBJC_MSGSEND = YES;
				GCC_C_LANGUAGE_STANDARD = gnu99;
				GCC_NO_COMMON_BLOCKS = YES;
				GCC_WARN_64_TO_32_BIT_CONVERSION = YES;
				GCC_WARN_ABOUT_RETURN_TYPE = YES_ERROR;
				GCC_WARN_UNDECLARED_SELECTOR = YES;
				GCC_WARN_UNINITIALIZED_AUTOS = YES_AGGRESSIVE;
				GCC_WARN_UNUSED_FUNCTION = YES;
				GCC_WARN_UNUSED_VARIABLE = YES;
				IPHONEOS_DEPLOYMENT_TARGET = 8.4;
				MTL_ENABLE_DEBUG_INFO = NO;
				SDKROOT = iphoneos;
				TARGETED_DEVICE_FAMILY = "1,2";
				VALIDATE_PRODUCT = YES;
			};
			name = Release;
		};
		A00609CE1B58565D0072DADB /* Debug */ = {
			isa = XCBuildConfiguration;
			buildSettings = {
				ASSETCATALOG_COMPILER_APPICON_NAME = AppIcon;
				INFOPLIST_FILE = BuckyBlaster/Info.plist;
				IPHONEOS_DEPLOYMENT_TARGET = 8.0;
				LD_RUNPATH_SEARCH_PATHS = "$(inherited) @executable_path/Frameworks";
				PRODUCT_NAME = "$(TARGET_NAME)";
			};
			name = Debug;
		};
		A00609CF1B58565D0072DADB /* Release */ = {
			isa = XCBuildConfiguration;
			buildSettings = {
				ASSETCATALOG_COMPILER_APPICON_NAME = AppIcon;
				INFOPLIST_FILE = BuckyBlaster/Info.plist;
				IPHONEOS_DEPLOYMENT_TARGET = 8.0;
				LD_RUNPATH_SEARCH_PATHS = "$(inherited) @executable_path/Frameworks";
				PRODUCT_NAME = "$(TARGET_NAME)";
			};
			name = Release;
		};
		A00609D11B58565D0072DADB /* Debug */ = {
			isa = XCBuildConfiguration;
			buildSettings = {
				BUNDLE_LOADER = "$(TEST_HOST)";
				FRAMEWORK_SEARCH_PATHS = (
					"$(SDKROOT)/Developer/Library/Frameworks",
					"$(inherited)",
				);
				GCC_PREPROCESSOR_DEFINITIONS = (
					"DEBUG=1",
					"$(inherited)",
				);
				INFOPLIST_FILE = BuckyBlasterTests/Info.plist;
				LD_RUNPATH_SEARCH_PATHS = "$(inherited) @executable_path/Frameworks @loader_path/Frameworks";
				PRODUCT_NAME = "$(TARGET_NAME)";
				TEST_HOST = "$(BUILT_PRODUCTS_DIR)/BuckyBlaster.app/BuckyBlaster";
			};
			name = Debug;
		};
		A00609D21B58565D0072DADB /* Release */ = {
			isa = XCBuildConfiguration;
			buildSettings = {
				BUNDLE_LOADER = "$(TEST_HOST)";
				FRAMEWORK_SEARCH_PATHS = (
					"$(SDKROOT)/Developer/Library/Frameworks",
					"$(inherited)",
				);
				INFOPLIST_FILE = BuckyBlasterTests/Info.plist;
				LD_RUNPATH_SEARCH_PATHS = "$(inherited) @executable_path/Frameworks @loader_path/Frameworks";
				PRODUCT_NAME = "$(TARGET_NAME)";
				TEST_HOST = "$(BUILT_PRODUCTS_DIR)/BuckyBlaster.app/BuckyBlaster";
			};
			name = Release;
		};
/* End XCBuildConfiguration section */

/* Begin XCConfigurationList section */
		A00609A51B58565D0072DADB /* Build configuration list for PBXProject "BuckyBlaster" */ = {
			isa = XCConfigurationList;
			buildConfigurations = (
				A00609CB1B58565D0072DADB /* Debug */,
				A00609CC1B58565D0072DADB /* Release */,
			);
			defaultConfigurationIsVisible = 0;
			defaultConfigurationName = Release;
		};
		A00609CD1B58565D0072DADB /* Build configuration list for PBXNativeTarget "BuckyBlaster" */ = {
			isa = XCConfigurationList;
			buildConfigurations = (
				A00609CE1B58565D0072DADB /* Debug */,
				A00609CF1B58565D0072DADB /* Release */,
			);
			defaultConfigurationIsVisible = 0;
		};
		A00609D01B58565D0072DADB /* Build configuration list for PBXNativeTarget "BuckyBlasterTests" */ = {
			isa = XCConfigurationList;
			buildConfigurations = (
				A00609D11B58565D0072DADB /* Debug */,
				A00609D21B58565D0072DADB /* Release */,
			);
			defaultConfigurationIsVisible = 0;
		};
/* End XCConfigurationList section */
	};
	rootObject = A00609A21B58565D0072DADB /* Project object */;
}
