// !$*UTF8*$!
{
	archiveVersion = 1;
	classes = {
	};
	objectVersion = 46;
	objects = {

/* Begin PBXBuildFile section */
		A0E30DFE1A9B53B000549545 /* main.m in Sources */ = {isa = PBXBuildFile; fileRef = A0E30DFD1A9B53B000549545 /* main.m */; };
		A0E30E011A9B53B000549545 /* AppDelegate.m in Sources */ = {isa = PBXBuildFile; fileRef = A0E30E001A9B53B000549545 /* AppDelegate.m */; };
		A0E30E041A9B53B000549545 /* ViewController.m in Sources */ = {isa = PBXBuildFile; fileRef = A0E30E031A9B53B000549545 /* ViewController.m */; };
		A0E30E071A9B53B000549545 /* Main.storyboard in Resources */ = {isa = PBXBuildFile; fileRef = A0E30E051A9B53B000549545 /* Main.storyboard */; };
		A0E30E091A9B53B000549545 /* Images.xcassets in Resources */ = {isa = PBXBuildFile; fileRef = A0E30E081A9B53B000549545 /* Images.xcassets */; };
		A0E30E0C1A9B53B000549545 /* LaunchScreen.xib in Resources */ = {isa = PBXBuildFile; fileRef = A0E30E0A1A9B53B000549545 /* LaunchScreen.xib */; };
		A0E30E181A9B53B000549545 /* BackupImagesTestTests.m in Sources */ = {isa = PBXBuildFile; fileRef = A0E30E171A9B53B000549545 /* BackupImagesTestTests.m */; };
/* End PBXBuildFile section */

/* Begin PBXContainerItemProxy section */
		A0E30E121A9B53B000549545 /* PBXContainerItemProxy */ = {
			isa = PBXContainerItemProxy;
			containerPortal = A0E30DF01A9B53B000549545 /* Project object */;
			proxyType = 1;
			remoteGlobalIDString = A0E30DF71A9B53B000549545;
			remoteInfo = BackupImagesTest;
		};
/* End PBXContainerItemProxy section */

/* Begin PBXFileReference section */
		A0E30DF81A9B53B000549545 /* BackupImagesTest.app */ = {isa = PBXFileReference; explicitFileType = wrapper.application; includeInIndex = 0; path = BackupImagesTest.app; sourceTree = BUILT_PRODUCTS_DIR; };
		A0E30DFC1A9B53B000549545 /* Info.plist */ = {isa = PBXFileReference; lastKnownFileType = text.plist.xml; path = Info.plist; sourceTree = "<group>"; };
		A0E30DFD1A9B53B000549545 /* main.m */ = {isa = PBXFileReference; lastKnownFileType = sourcecode.c.objc; path = main.m; sourceTree = "<group>"; };
		A0E30DFF1A9B53B000549545 /* AppDelegate.h */ = {isa = PBXFileReference; lastKnownFileType = sourcecode.c.h; path = AppDelegate.h; sourceTree = "<group>"; };
		A0E30E001A9B53B000549545 /* AppDelegate.m */ = {isa = PBXFileReference; lastKnownFileType = sourcecode.c.objc; path = AppDelegate.m; sourceTree = "<group>"; };
		A0E30E021A9B53B000549545 /* ViewController.h */ = {isa = PBXFileReference; lastKnownFileType = sourcecode.c.h; path = ViewController.h; sourceTree = "<group>"; };
		A0E30E031A9B53B000549545 /* ViewController.m */ = {isa = PBXFileReference; lastKnownFileType = sourcecode.c.objc; path = ViewController.m; sourceTree = "<group>"; };
		A0E30E061A9B53B000549545 /* Base */ = {isa = PBXFileReference; lastKnownFileType = file.storyboard; name = Base; path = Base.lproj/Main.storyboard; sourceTree = "<group>"; };
		A0E30E081A9B53B000549545 /* Images.xcassets */ = {isa = PBXFileReference; lastKnownFileType = folder.assetcatalog; path = Images.xcassets; sourceTree = "<group>"; };
		A0E30E0B1A9B53B000549545 /* Base */ = {isa = PBXFileReference; lastKnownFileType = file.xib; name = Base; path = Base.lproj/LaunchScreen.xib; sourceTree = "<group>"; };
		A0E30E111A9B53B000549545 /* BackupImagesTestTests.xctest */ = {isa = PBXFileReference; explicitFileType = wrapper.cfbundle; includeInIndex = 0; path = BackupImagesTestTests.xctest; sourceTree = BUILT_PRODUCTS_DIR; };
		A0E30E161A9B53B000549545 /* Info.plist */ = {isa = PBXFileReference; lastKnownFileType = text.plist.xml; path = Info.plist; sourceTree = "<group>"; };
		A0E30E171A9B53B000549545 /* BackupImagesTestTests.m */ = {isa = PBXFileReference; lastKnownFileType = sourcecode.c.objc; path = BackupImagesTestTests.m; sourceTree = "<group>"; };
/* End PBXFileReference section */

/* Begin PBXFrameworksBuildPhase section */
		A0E30DF51A9B53B000549545 /* Frameworks */ = {
			isa = PBXFrameworksBuildPhase;
			buildActionMask = 2147483647;
			files = (
			);
			runOnlyForDeploymentPostprocessing = 0;
		};
		A0E30E0E1A9B53B000549545 /* Frameworks */ = {
			isa = PBXFrameworksBuildPhase;
			buildActionMask = 2147483647;
			files = (
			);
			runOnlyForDeploymentPostprocessing = 0;
		};
/* End PBXFrameworksBuildPhase section */

/* Begin PBXGroup section */
		A0E30DEF1A9B53B000549545 = {
			isa = PBXGroup;
			children = (
				A0E30DFA1A9B53B000549545 /* BackupImagesTest */,
				A0E30E141A9B53B000549545 /* BackupImagesTestTests */,
				A0E30DF91A9B53B000549545 /* Products */,
			);
			sourceTree = "<group>";
		};
		A0E30DF91A9B53B000549545 /* Products */ = {
			isa = PBXGroup;
			children = (
				A0E30DF81A9B53B000549545 /* BackupImagesTest.app */,
				A0E30E111A9B53B000549545 /* BackupImagesTestTests.xctest */,
			);
			name = Products;
			sourceTree = "<group>";
		};
		A0E30DFA1A9B53B000549545 /* BackupImagesTest */ = {
			isa = PBXGroup;
			children = (
				A0E30DFF1A9B53B000549545 /* AppDelegate.h */,
				A0E30E001A9B53B000549545 /* AppDelegate.m */,
				A0E30E021A9B53B000549545 /* ViewController.h */,
				A0E30E031A9B53B000549545 /* ViewController.m */,
				A0E30E051A9B53B000549545 /* Main.storyboard */,
				A0E30E081A9B53B000549545 /* Images.xcassets */,
				A0E30E0A1A9B53B000549545 /* LaunchScreen.xib */,
				A0E30DFB1A9B53B000549545 /* Supporting Files */,
			);
			path = BackupImagesTest;
			sourceTree = "<group>";
		};
		A0E30DFB1A9B53B000549545 /* Supporting Files */ = {
			isa = PBXGroup;
			children = (
				A0E30DFC1A9B53B000549545 /* Info.plist */,
				A0E30DFD1A9B53B000549545 /* main.m */,
			);
			name = "Supporting Files";
			sourceTree = "<group>";
		};
		A0E30E141A9B53B000549545 /* BackupImagesTestTests */ = {
			isa = PBXGroup;
			children = (
				A0E30E171A9B53B000549545 /* BackupImagesTestTests.m */,
				A0E30E151A9B53B000549545 /* Supporting Files */,
			);
			path = BackupImagesTestTests;
			sourceTree = "<group>";
		};
		A0E30E151A9B53B000549545 /* Supporting Files */ = {
			isa = PBXGroup;
			children = (
				A0E30E161A9B53B000549545 /* Info.plist */,
			);
			name = "Supporting Files";
			sourceTree = "<group>";
		};
/* End PBXGroup section */

/* Begin PBXNativeTarget section */
		A0E30DF71A9B53B000549545 /* BackupImagesTest */ = {
			isa = PBXNativeTarget;
			buildConfigurationList = A0E30E1B1A9B53B000549545 /* Build configuration list for PBXNativeTarget "BackupImagesTest" */;
			buildPhases = (
				A0E30DF41A9B53B000549545 /* Sources */,
				A0E30DF51A9B53B000549545 /* Frameworks */,
				A0E30DF61A9B53B000549545 /* Resources */,
			);
			buildRules = (
			);
			dependencies = (
			);
			name = BackupImagesTest;
			productName = BackupImagesTest;
			productReference = A0E30DF81A9B53B000549545 /* BackupImagesTest.app */;
			productType = "com.apple.product-type.application";
		};
		A0E30E101A9B53B000549545 /* BackupImagesTestTests */ = {
			isa = PBXNativeTarget;
			buildConfigurationList = A0E30E1E1A9B53B000549545 /* Build configuration list for PBXNativeTarget "BackupImagesTestTests" */;
			buildPhases = (
				A0E30E0D1A9B53B000549545 /* Sources */,
				A0E30E0E1A9B53B000549545 /* Frameworks */,
				A0E30E0F1A9B53B000549545 /* Resources */,
			);
			buildRules = (
			);
			dependencies = (
				A0E30E131A9B53B000549545 /* PBXTargetDependency */,
			);
			name = BackupImagesTestTests;
			productName = BackupImagesTestTests;
			productReference = A0E30E111A9B53B000549545 /* BackupImagesTestTests.xctest */;
			productType = "com.apple.product-type.bundle.unit-test";
		};
/* End PBXNativeTarget section */

/* Begin PBXProject section */
		A0E30DF01A9B53B000549545 /* Project object */ = {
			isa = PBXProject;
			attributes = {
				LastUpgradeCheck = 0610;
				ORGANIZATIONNAME = "Diego Vidal";
				TargetAttributes = {
					A0E30DF71A9B53B000549545 = {
						CreatedOnToolsVersion = 6.1.1;
					};
					A0E30E101A9B53B000549545 = {
						CreatedOnToolsVersion = 6.1.1;
						TestTargetID = A0E30DF71A9B53B000549545;
					};
				};
			};
			buildConfigurationList = A0E30DF31A9B53B000549545 /* Build configuration list for PBXProject "BackupImagesTest" */;
			compatibilityVersion = "Xcode 3.2";
			developmentRegion = English;
			hasScannedForEncodings = 0;
			knownRegions = (
				en,
				Base,
			);
			mainGroup = A0E30DEF1A9B53B000549545;
			productRefGroup = A0E30DF91A9B53B000549545 /* Products */;
			projectDirPath = "";
			projectRoot = "";
			targets = (
				A0E30DF71A9B53B000549545 /* BackupImagesTest */,
				A0E30E101A9B53B000549545 /* BackupImagesTestTests */,
			);
		};
/* End PBXProject section */

/* Begin PBXResourcesBuildPhase section */
		A0E30DF61A9B53B000549545 /* Resources */ = {
			isa = PBXResourcesBuildPhase;
			buildActionMask = 2147483647;
			files = (
				A0E30E071A9B53B000549545 /* Main.storyboard in Resources */,
				A0E30E0C1A9B53B000549545 /* LaunchScreen.xib in Resources */,
				A0E30E091A9B53B000549545 /* Images.xcassets in Resources */,
			);
			runOnlyForDeploymentPostprocessing = 0;
		};
		A0E30E0F1A9B53B000549545 /* Resources */ = {
			isa = PBXResourcesBuildPhase;
			buildActionMask = 2147483647;
			files = (
			);
			runOnlyForDeploymentPostprocessing = 0;
		};
/* End PBXResourcesBuildPhase section */

/* Begin PBXSourcesBuildPhase section */
		A0E30DF41A9B53B000549545 /* Sources */ = {
			isa = PBXSourcesBuildPhase;
			buildActionMask = 2147483647;
			files = (
				A0E30E041A9B53B000549545 /* ViewController.m in Sources */,
				A0E30E011A9B53B000549545 /* AppDelegate.m in Sources */,
				A0E30DFE1A9B53B000549545 /* main.m in Sources */,
			);
			runOnlyForDeploymentPostprocessing = 0;
		};
		A0E30E0D1A9B53B000549545 /* Sources */ = {
			isa = PBXSourcesBuildPhase;
			buildActionMask = 2147483647;
			files = (
				A0E30E181A9B53B000549545 /* BackupImagesTestTests.m in Sources */,
			);
			runOnlyForDeploymentPostprocessing = 0;
		};
/* End PBXSourcesBuildPhase section */

/* Begin PBXTargetDependency section */
		A0E30E131A9B53B000549545 /* PBXTargetDependency */ = {
			isa = PBXTargetDependency;
			target = A0E30DF71A9B53B000549545 /* BackupImagesTest */;
			targetProxy = A0E30E121A9B53B000549545 /* PBXContainerItemProxy */;
		};
/* End PBXTargetDependency section */

/* Begin PBXVariantGroup section */
		A0E30E051A9B53B000549545 /* Main.storyboard */ = {
			isa = PBXVariantGroup;
			children = (
				A0E30E061A9B53B000549545 /* Base */,
			);
			name = Main.storyboard;
			sourceTree = "<group>";
		};
		A0E30E0A1A9B53B000549545 /* LaunchScreen.xib */ = {
			isa = PBXVariantGroup;
			children = (
				A0E30E0B1A9B53B000549545 /* Base */,
			);
			name = LaunchScreen.xib;
			sourceTree = "<group>";
		};
/* End PBXVariantGroup section */

/* Begin XCBuildConfiguration section */
		A0E30E191A9B53B000549545 /* Debug */ = {
			isa = XCBuildConfiguration;
			buildSettings = {
				ALWAYS_SEARCH_USER_PATHS = NO;
				CLANG_CXX_LANGUAGE_STANDARD = "gnu++0x";
				CLANG_CXX_LIBRARY = "libc++";
				CLANG_ENABLE_MODULES = YES;
				CLANG_ENABLE_OBJC_ARC = YES;
				CLANG_WARN_BOOL_CONVERSION = YES;
				CLANG_WARN_CONSTANT_CONVERSION = YES;
				CLANG_WARN_DIRECT_OBJC_ISA_USAGE = YES_ERROR;
				CLANG_WARN_EMPTY_BODY = YES;
				CLANG_WARN_ENUM_CONVERSION = YES;
				CLANG_WARN_INT_CONVERSION = YES;
				CLANG_WARN_OBJC_ROOT_CLASS = YES_ERROR;
				CLANG_WARN_UNREACHABLE_CODE = YES;
				CLANG_WARN__DUPLICATE_METHOD_MATCH = YES;
				"CODE_SIGN_IDENTITY[sdk=iphoneos*]" = "iPhone Developer";
				COPY_PHASE_STRIP = NO;
				ENABLE_STRICT_OBJC_MSGSEND = YES;
				GCC_C_LANGUAGE_STANDARD = gnu99;
				GCC_DYNAMIC_NO_PIC = NO;
				GCC_OPTIMIZATION_LEVEL = 0;
				GCC_PREPROCESSOR_DEFINITIONS = (
					"DEBUG=1",
					"$(inherited)",
				);
				GCC_SYMBOLS_PRIVATE_EXTERN = NO;
				GCC_WARN_64_TO_32_BIT_CONVERSION = YES;
				GCC_WARN_ABOUT_RETURN_TYPE = YES_ERROR;
				GCC_WARN_UNDECLARED_SELECTOR = YES;
				GCC_WARN_UNINITIALIZED_AUTOS = YES_AGGRESSIVE;
				GCC_WARN_UNUSED_FUNCTION = YES;
				GCC_WARN_UNUSED_VARIABLE = YES;
				IPHONEOS_DEPLOYMENT_TARGET = 8.1;
				MTL_ENABLE_DEBUG_INFO = YES;
				ONLY_ACTIVE_ARCH = YES;
				SDKROOT = iphoneos;
				TARGETED_DEVICE_FAMILY = "1,2";
			};
			name = Debug;
		};
		A0E30E1A1A9B53B000549545 /* Release */ = {
			isa = XCBuildConfiguration;
			buildSettings = {
				ALWAYS_SEARCH_USER_PATHS = NO;
				CLANG_CXX_LANGUAGE_STANDARD = "gnu++0x";
				CLANG_CXX_LIBRARY = "libc++";
				CLANG_ENABLE_MODULES = YES;
				CLANG_ENABLE_OBJC_ARC = YES;
				CLANG_WARN_BOOL_CONVERSION = YES;
				CLANG_WARN_CONSTANT_CONVERSION = YES;
				CLANG_WARN_DIRECT_OBJC_ISA_USAGE = YES_ERROR;
				CLANG_WARN_EMPTY_BODY = YES;
				CLANG_WARN_ENUM_CONVERSION = YES;
				CLANG_WARN_INT_CONVERSION = YES;
				CLANG_WARN_OBJC_ROOT_CLASS = YES_ERROR;
				CLANG_WARN_UNREACHABLE_CODE = YES;
				CLANG_WARN__DUPLICATE_METHOD_MATCH = YES;
				"CODE_SIGN_IDENTITY[sdk=iphoneos*]" = "iPhone Developer";
				COPY_PHASE_STRIP = YES;
				ENABLE_NS_ASSERTIONS = NO;
				ENABLE_STRICT_OBJC_MSGSEND = YES;
				GCC_C_LANGUAGE_STANDARD = gnu99;
				GCC_WARN_64_TO_32_BIT_CONVERSION = YES;
				GCC_WARN_ABOUT_RETURN_TYPE = YES_ERROR;
				GCC_WARN_UNDECLARED_SELECTOR = YES;
				GCC_WARN_UNINITIALIZED_AUTOS = YES_AGGRESSIVE;
				GCC_WARN_UNUSED_FUNCTION = YES;
				GCC_WARN_UNUSED_VARIABLE = YES;
				IPHONEOS_DEPLOYMENT_TARGET = 8.1;
				MTL_ENABLE_DEBUG_INFO = NO;
				SDKROOT = iphoneos;
				TARGETED_DEVICE_FAMILY = "1,2";
				VALIDATE_PRODUCT = YES;
			};
			name = Release;
		};
		A0E30E1C1A9B53B000549545 /* Debug */ = {
			isa = XCBuildConfiguration;
			buildSettings = {
				ASSETCATALOG_COMPILER_APPICON_NAME = AppIcon;
				INFOPLIST_FILE = BackupImagesTest/Info.plist;
				LD_RUNPATH_SEARCH_PATHS = "$(inherited) @executable_path/Frameworks";
				PRODUCT_NAME = "$(TARGET_NAME)";
			};
			name = Debug;
		};
		A0E30E1D1A9B53B000549545 /* Release */ = {
			isa = XCBuildConfiguration;
			buildSettings = {
				ASSETCATALOG_COMPILER_APPICON_NAME = AppIcon;
				INFOPLIST_FILE = BackupImagesTest/Info.plist;
				LD_RUNPATH_SEARCH_PATHS = "$(inherited) @executable_path/Frameworks";
				PRODUCT_NAME = "$(TARGET_NAME)";
			};
			name = Release;
		};
		A0E30E1F1A9B53B000549545 /* Debug */ = {
			isa = XCBuildConfiguration;
			buildSettings = {
				BUNDLE_LOADER = "$(TEST_HOST)";
				FRAMEWORK_SEARCH_PATHS = (
					"$(SDKROOT)/Developer/Library/Frameworks",
					"$(inherited)",
				);
				GCC_PREPROCESSOR_DEFINITIONS = (
					"DEBUG=1",
					"$(inherited)",
				);
				INFOPLIST_FILE = BackupImagesTestTests/Info.plist;
				LD_RUNPATH_SEARCH_PATHS = "$(inherited) @executable_path/Frameworks @loader_path/Frameworks";
				PRODUCT_NAME = "$(TARGET_NAME)";
				TEST_HOST = "$(BUILT_PRODUCTS_DIR)/BackupImagesTest.app/BackupImagesTest";
			};
			name = Debug;
		};
		A0E30E201A9B53B000549545 /* Release */ = {
			isa = XCBuildConfiguration;
			buildSettings = {
				BUNDLE_LOADER = "$(TEST_HOST)";
				FRAMEWORK_SEARCH_PATHS = (
					"$(SDKROOT)/Developer/Library/Frameworks",
					"$(inherited)",
				);
				INFOPLIST_FILE = BackupImagesTestTests/Info.plist;
				LD_RUNPATH_SEARCH_PATHS = "$(inherited) @executable_path/Frameworks @loader_path/Frameworks";
				PRODUCT_NAME = "$(TARGET_NAME)";
				TEST_HOST = "$(BUILT_PRODUCTS_DIR)/BackupImagesTest.app/BackupImagesTest";
			};
			name = Release;
		};
/* End XCBuildConfiguration section */

/* Begin XCConfigurationList section */
		A0E30DF31A9B53B000549545 /* Build configuration list for PBXProject "BackupImagesTest" */ = {
			isa = XCConfigurationList;
			buildConfigurations = (
				A0E30E191A9B53B000549545 /* Debug */,
				A0E30E1A1A9B53B000549545 /* Release */,
			);
			defaultConfigurationIsVisible = 0;
			defaultConfigurationName = Release;
		};
		A0E30E1B1A9B53B000549545 /* Build configuration list for PBXNativeTarget "BackupImagesTest" */ = {
			isa = XCConfigurationList;
			buildConfigurations = (
				A0E30E1C1A9B53B000549545 /* Debug */,
				A0E30E1D1A9B53B000549545 /* Release */,
			);
			defaultConfigurationIsVisible = 0;
		};
		A0E30E1E1A9B53B000549545 /* Build configuration list for PBXNativeTarget "BackupImagesTestTests" */ = {
			isa = XCConfigurationList;
			buildConfigurations = (
				A0E30E1F1A9B53B000549545 /* Debug */,
				A0E30E201A9B53B000549545 /* Release */,
			);
			defaultConfigurationIsVisible = 0;
		};
/* End XCConfigurationList section */
	};
	rootObject = A0E30DF01A9B53B000549545 /* Project object */;
}
