// !$*UTF8*$!
{
	archiveVersion = 1;
	classes = {
	};
	objectVersion = 46;
	objects = {

/* Begin PBXBuildFile section */
		A0BEE79C1A6690280051CF4D /* main.m in Sources */ = {isa = PBXBuildFile; fileRef = A0BEE79B1A6690280051CF4D /* main.m */; };
		A0BEE79F1A6690280051CF4D /* AppDelegate.m in Sources */ = {isa = PBXBuildFile; fileRef = A0BEE79E1A6690280051CF4D /* AppDelegate.m */; };
		A0BEE7A21A6690280051CF4D /* ViewController.m in Sources */ = {isa = PBXBuildFile; fileRef = A0BEE7A11A6690280051CF4D /* ViewController.m */; };
		A0BEE7A51A6690280051CF4D /* Main.storyboard in Resources */ = {isa = PBXBuildFile; fileRef = A0BEE7A31A6690280051CF4D /* Main.storyboard */; };
		A0BEE7A71A6690280051CF4D /* Images.xcassets in Resources */ = {isa = PBXBuildFile; fileRef = A0BEE7A61A6690280051CF4D /* Images.xcassets */; };
		A0BEE7AA1A6690280051CF4D /* LaunchScreen.xib in Resources */ = {isa = PBXBuildFile; fileRef = A0BEE7A81A6690280051CF4D /* LaunchScreen.xib */; };
		A0BEE7B61A6690280051CF4D /* TesteHandleTests.m in Sources */ = {isa = PBXBuildFile; fileRef = A0BEE7B51A6690280051CF4D /* TesteHandleTests.m */; };
/* End PBXBuildFile section */

/* Begin PBXContainerItemProxy section */
		A0BEE7B01A6690280051CF4D /* PBXContainerItemProxy */ = {
			isa = PBXContainerItemProxy;
			containerPortal = A0BEE78E1A6690280051CF4D /* Project object */;
			proxyType = 1;
			remoteGlobalIDString = A0BEE7951A6690280051CF4D;
			remoteInfo = TesteHandle;
		};
/* End PBXContainerItemProxy section */

/* Begin PBXFileReference section */
		A0BEE7961A6690280051CF4D /* TesteHandle.app */ = {isa = PBXFileReference; explicitFileType = wrapper.application; includeInIndex = 0; path = TesteHandle.app; sourceTree = BUILT_PRODUCTS_DIR; };
		A0BEE79A1A6690280051CF4D /* Info.plist */ = {isa = PBXFileReference; lastKnownFileType = text.plist.xml; path = Info.plist; sourceTree = "<group>"; };
		A0BEE79B1A6690280051CF4D /* main.m */ = {isa = PBXFileReference; lastKnownFileType = sourcecode.c.objc; path = main.m; sourceTree = "<group>"; };
		A0BEE79D1A6690280051CF4D /* AppDelegate.h */ = {isa = PBXFileReference; lastKnownFileType = sourcecode.c.h; path = AppDelegate.h; sourceTree = "<group>"; };
		A0BEE79E1A6690280051CF4D /* AppDelegate.m */ = {isa = PBXFileReference; lastKnownFileType = sourcecode.c.objc; path = AppDelegate.m; sourceTree = "<group>"; };
		A0BEE7A01A6690280051CF4D /* ViewController.h */ = {isa = PBXFileReference; lastKnownFileType = sourcecode.c.h; path = ViewController.h; sourceTree = "<group>"; };
		A0BEE7A11A6690280051CF4D /* ViewController.m */ = {isa = PBXFileReference; lastKnownFileType = sourcecode.c.objc; path = ViewController.m; sourceTree = "<group>"; };
		A0BEE7A41A6690280051CF4D /* Base */ = {isa = PBXFileReference; lastKnownFileType = file.storyboard; name = Base; path = Base.lproj/Main.storyboard; sourceTree = "<group>"; };
		A0BEE7A61A6690280051CF4D /* Images.xcassets */ = {isa = PBXFileReference; lastKnownFileType = folder.assetcatalog; path = Images.xcassets; sourceTree = "<group>"; };
		A0BEE7A91A6690280051CF4D /* Base */ = {isa = PBXFileReference; lastKnownFileType = file.xib; name = Base; path = Base.lproj/LaunchScreen.xib; sourceTree = "<group>"; };
		A0BEE7AF1A6690280051CF4D /* TesteHandleTests.xctest */ = {isa = PBXFileReference; explicitFileType = wrapper.cfbundle; includeInIndex = 0; path = TesteHandleTests.xctest; sourceTree = BUILT_PRODUCTS_DIR; };
		A0BEE7B41A6690280051CF4D /* Info.plist */ = {isa = PBXFileReference; lastKnownFileType = text.plist.xml; path = Info.plist; sourceTree = "<group>"; };
		A0BEE7B51A6690280051CF4D /* TesteHandleTests.m */ = {isa = PBXFileReference; lastKnownFileType = sourcecode.c.objc; path = TesteHandleTests.m; sourceTree = "<group>"; };
/* End PBXFileReference section */

/* Begin PBXFrameworksBuildPhase section */
		A0BEE7931A6690280051CF4D /* Frameworks */ = {
			isa = PBXFrameworksBuildPhase;
			buildActionMask = 2147483647;
			files = (
			);
			runOnlyForDeploymentPostprocessing = 0;
		};
		A0BEE7AC1A6690280051CF4D /* Frameworks */ = {
			isa = PBXFrameworksBuildPhase;
			buildActionMask = 2147483647;
			files = (
			);
			runOnlyForDeploymentPostprocessing = 0;
		};
/* End PBXFrameworksBuildPhase section */

/* Begin PBXGroup section */
		A0BEE78D1A6690280051CF4D = {
			isa = PBXGroup;
			children = (
				A0BEE7981A6690280051CF4D /* TesteHandle */,
				A0BEE7B21A6690280051CF4D /* TesteHandleTests */,
				A0BEE7971A6690280051CF4D /* Products */,
			);
			sourceTree = "<group>";
		};
		A0BEE7971A6690280051CF4D /* Products */ = {
			isa = PBXGroup;
			children = (
				A0BEE7961A6690280051CF4D /* TesteHandle.app */,
				A0BEE7AF1A6690280051CF4D /* TesteHandleTests.xctest */,
			);
			name = Products;
			sourceTree = "<group>";
		};
		A0BEE7981A6690280051CF4D /* TesteHandle */ = {
			isa = PBXGroup;
			children = (
				A0BEE79D1A6690280051CF4D /* AppDelegate.h */,
				A0BEE79E1A6690280051CF4D /* AppDelegate.m */,
				A0BEE7A01A6690280051CF4D /* ViewController.h */,
				A0BEE7A11A6690280051CF4D /* ViewController.m */,
				A0BEE7A31A6690280051CF4D /* Main.storyboard */,
				A0BEE7A61A6690280051CF4D /* Images.xcassets */,
				A0BEE7A81A6690280051CF4D /* LaunchScreen.xib */,
				A0BEE7991A6690280051CF4D /* Supporting Files */,
			);
			path = TesteHandle;
			sourceTree = "<group>";
		};
		A0BEE7991A6690280051CF4D /* Supporting Files */ = {
			isa = PBXGroup;
			children = (
				A0BEE79A1A6690280051CF4D /* Info.plist */,
				A0BEE79B1A6690280051CF4D /* main.m */,
			);
			name = "Supporting Files";
			sourceTree = "<group>";
		};
		A0BEE7B21A6690280051CF4D /* TesteHandleTests */ = {
			isa = PBXGroup;
			children = (
				A0BEE7B51A6690280051CF4D /* TesteHandleTests.m */,
				A0BEE7B31A6690280051CF4D /* Supporting Files */,
			);
			path = TesteHandleTests;
			sourceTree = "<group>";
		};
		A0BEE7B31A6690280051CF4D /* Supporting Files */ = {
			isa = PBXGroup;
			children = (
				A0BEE7B41A6690280051CF4D /* Info.plist */,
			);
			name = "Supporting Files";
			sourceTree = "<group>";
		};
/* End PBXGroup section */

/* Begin PBXNativeTarget section */
		A0BEE7951A6690280051CF4D /* TesteHandle */ = {
			isa = PBXNativeTarget;
			buildConfigurationList = A0BEE7B91A6690280051CF4D /* Build configuration list for PBXNativeTarget "TesteHandle" */;
			buildPhases = (
				A0BEE7921A6690280051CF4D /* Sources */,
				A0BEE7931A6690280051CF4D /* Frameworks */,
				A0BEE7941A6690280051CF4D /* Resources */,
			);
			buildRules = (
			);
			dependencies = (
			);
			name = TesteHandle;
			productName = TesteHandle;
			productReference = A0BEE7961A6690280051CF4D /* TesteHandle.app */;
			productType = "com.apple.product-type.application";
		};
		A0BEE7AE1A6690280051CF4D /* TesteHandleTests */ = {
			isa = PBXNativeTarget;
			buildConfigurationList = A0BEE7BC1A6690280051CF4D /* Build configuration list for PBXNativeTarget "TesteHandleTests" */;
			buildPhases = (
				A0BEE7AB1A6690280051CF4D /* Sources */,
				A0BEE7AC1A6690280051CF4D /* Frameworks */,
				A0BEE7AD1A6690280051CF4D /* Resources */,
			);
			buildRules = (
			);
			dependencies = (
				A0BEE7B11A6690280051CF4D /* PBXTargetDependency */,
			);
			name = TesteHandleTests;
			productName = TesteHandleTests;
			productReference = A0BEE7AF1A6690280051CF4D /* TesteHandleTests.xctest */;
			productType = "com.apple.product-type.bundle.unit-test";
		};
/* End PBXNativeTarget section */

/* Begin PBXProject section */
		A0BEE78E1A6690280051CF4D /* Project object */ = {
			isa = PBXProject;
			attributes = {
				LastUpgradeCheck = 0610;
				ORGANIZATIONNAME = "Diego Vidal";
				TargetAttributes = {
					A0BEE7951A6690280051CF4D = {
						CreatedOnToolsVersion = 6.1.1;
					};
					A0BEE7AE1A6690280051CF4D = {
						CreatedOnToolsVersion = 6.1.1;
						TestTargetID = A0BEE7951A6690280051CF4D;
					};
				};
			};
			buildConfigurationList = A0BEE7911A6690280051CF4D /* Build configuration list for PBXProject "TesteHandle" */;
			compatibilityVersion = "Xcode 3.2";
			developmentRegion = English;
			hasScannedForEncodings = 0;
			knownRegions = (
				en,
				Base,
			);
			mainGroup = A0BEE78D1A6690280051CF4D;
			productRefGroup = A0BEE7971A6690280051CF4D /* Products */;
			projectDirPath = "";
			projectRoot = "";
			targets = (
				A0BEE7951A6690280051CF4D /* TesteHandle */,
				A0BEE7AE1A6690280051CF4D /* TesteHandleTests */,
			);
		};
/* End PBXProject section */

/* Begin PBXResourcesBuildPhase section */
		A0BEE7941A6690280051CF4D /* Resources */ = {
			isa = PBXResourcesBuildPhase;
			buildActionMask = 2147483647;
			files = (
				A0BEE7A51A6690280051CF4D /* Main.storyboard in Resources */,
				A0BEE7AA1A6690280051CF4D /* LaunchScreen.xib in Resources */,
				A0BEE7A71A6690280051CF4D /* Images.xcassets in Resources */,
			);
			runOnlyForDeploymentPostprocessing = 0;
		};
		A0BEE7AD1A6690280051CF4D /* Resources */ = {
			isa = PBXResourcesBuildPhase;
			buildActionMask = 2147483647;
			files = (
			);
			runOnlyForDeploymentPostprocessing = 0;
		};
/* End PBXResourcesBuildPhase section */

/* Begin PBXSourcesBuildPhase section */
		A0BEE7921A6690280051CF4D /* Sources */ = {
			isa = PBXSourcesBuildPhase;
			buildActionMask = 2147483647;
			files = (
				A0BEE7A21A6690280051CF4D /* ViewController.m in Sources */,
				A0BEE79F1A6690280051CF4D /* AppDelegate.m in Sources */,
				A0BEE79C1A6690280051CF4D /* main.m in Sources */,
			);
			runOnlyForDeploymentPostprocessing = 0;
		};
		A0BEE7AB1A6690280051CF4D /* Sources */ = {
			isa = PBXSourcesBuildPhase;
			buildActionMask = 2147483647;
			files = (
				A0BEE7B61A6690280051CF4D /* TesteHandleTests.m in Sources */,
			);
			runOnlyForDeploymentPostprocessing = 0;
		};
/* End PBXSourcesBuildPhase section */

/* Begin PBXTargetDependency section */
		A0BEE7B11A6690280051CF4D /* PBXTargetDependency */ = {
			isa = PBXTargetDependency;
			target = A0BEE7951A6690280051CF4D /* TesteHandle */;
			targetProxy = A0BEE7B01A6690280051CF4D /* PBXContainerItemProxy */;
		};
/* End PBXTargetDependency section */

/* Begin PBXVariantGroup section */
		A0BEE7A31A6690280051CF4D /* Main.storyboard */ = {
			isa = PBXVariantGroup;
			children = (
				A0BEE7A41A6690280051CF4D /* Base */,
			);
			name = Main.storyboard;
			sourceTree = "<group>";
		};
		A0BEE7A81A6690280051CF4D /* LaunchScreen.xib */ = {
			isa = PBXVariantGroup;
			children = (
				A0BEE7A91A6690280051CF4D /* Base */,
			);
			name = LaunchScreen.xib;
			sourceTree = "<group>";
		};
/* End PBXVariantGroup section */

/* Begin XCBuildConfiguration section */
		A0BEE7B71A6690280051CF4D /* Debug */ = {
			isa = XCBuildConfiguration;
			buildSettings = {
				ALWAYS_SEARCH_USER_PATHS = NO;
				CLANG_CXX_LANGUAGE_STANDARD = "gnu++0x";
				CLANG_CXX_LIBRARY = "libc++";
				CLANG_ENABLE_MODULES = YES;
				CLANG_ENABLE_OBJC_ARC = YES;
				CLANG_WARN_BOOL_CONVERSION = YES;
				CLANG_WARN_CONSTANT_CONVERSION = YES;
				CLANG_WARN_DIRECT_OBJC_ISA_USAGE = YES_ERROR;
				CLANG_WARN_EMPTY_BODY = YES;
				CLANG_WARN_ENUM_CONVERSION = YES;
				CLANG_WARN_INT_CONVERSION = YES;
				CLANG_WARN_OBJC_ROOT_CLASS = YES_ERROR;
				CLANG_WARN_UNREACHABLE_CODE = YES;
				CLANG_WARN__DUPLICATE_METHOD_MATCH = YES;
				"CODE_SIGN_IDENTITY[sdk=iphoneos*]" = "iPhone Developer";
				COPY_PHASE_STRIP = NO;
				ENABLE_STRICT_OBJC_MSGSEND = YES;
				GCC_C_LANGUAGE_STANDARD = gnu99;
				GCC_DYNAMIC_NO_PIC = NO;
				GCC_OPTIMIZATION_LEVEL = 0;
				GCC_PREPROCESSOR_DEFINITIONS = (
					"DEBUG=1",
					"$(inherited)",
				);
				GCC_SYMBOLS_PRIVATE_EXTERN = NO;
				GCC_WARN_64_TO_32_BIT_CONVERSION = YES;
				GCC_WARN_ABOUT_RETURN_TYPE = YES_ERROR;
				GCC_WARN_UNDECLARED_SELECTOR = YES;
				GCC_WARN_UNINITIALIZED_AUTOS = YES_AGGRESSIVE;
				GCC_WARN_UNUSED_FUNCTION = YES;
				GCC_WARN_UNUSED_VARIABLE = YES;
				IPHONEOS_DEPLOYMENT_TARGET = 8.1;
				MTL_ENABLE_DEBUG_INFO = YES;
				ONLY_ACTIVE_ARCH = YES;
				SDKROOT = iphoneos;
			};
			name = Debug;
		};
		A0BEE7B81A6690280051CF4D /* Release */ = {
			isa = XCBuildConfiguration;
			buildSettings = {
				ALWAYS_SEARCH_USER_PATHS = NO;
				CLANG_CXX_LANGUAGE_STANDARD = "gnu++0x";
				CLANG_CXX_LIBRARY = "libc++";
				CLANG_ENABLE_MODULES = YES;
				CLANG_ENABLE_OBJC_ARC = YES;
				CLANG_WARN_BOOL_CONVERSION = YES;
				CLANG_WARN_CONSTANT_CONVERSION = YES;
				CLANG_WARN_DIRECT_OBJC_ISA_USAGE = YES_ERROR;
				CLANG_WARN_EMPTY_BODY = YES;
				CLANG_WARN_ENUM_CONVERSION = YES;
				CLANG_WARN_INT_CONVERSION = YES;
				CLANG_WARN_OBJC_ROOT_CLASS = YES_ERROR;
				CLANG_WARN_UNREACHABLE_CODE = YES;
				CLANG_WARN__DUPLICATE_METHOD_MATCH = YES;
				"CODE_SIGN_IDENTITY[sdk=iphoneos*]" = "iPhone Developer";
				COPY_PHASE_STRIP = YES;
				ENABLE_NS_ASSERTIONS = NO;
				ENABLE_STRICT_OBJC_MSGSEND = YES;
				GCC_C_LANGUAGE_STANDARD = gnu99;
				GCC_WARN_64_TO_32_BIT_CONVERSION = YES;
				GCC_WARN_ABOUT_RETURN_TYPE = YES_ERROR;
				GCC_WARN_UNDECLARED_SELECTOR = YES;
				GCC_WARN_UNINITIALIZED_AUTOS = YES_AGGRESSIVE;
				GCC_WARN_UNUSED_FUNCTION = YES;
				GCC_WARN_UNUSED_VARIABLE = YES;
				IPHONEOS_DEPLOYMENT_TARGET = 8.1;
				MTL_ENABLE_DEBUG_INFO = NO;
				SDKROOT = iphoneos;
				VALIDATE_PRODUCT = YES;
			};
			name = Release;
		};
		A0BEE7BA1A6690280051CF4D /* Debug */ = {
			isa = XCBuildConfiguration;
			buildSettings = {
				ASSETCATALOG_COMPILER_APPICON_NAME = AppIcon;
				INFOPLIST_FILE = TesteHandle/Info.plist;
				LD_RUNPATH_SEARCH_PATHS = "$(inherited) @executable_path/Frameworks";
				PRODUCT_NAME = "$(TARGET_NAME)";
			};
			name = Debug;
		};
		A0BEE7BB1A6690280051CF4D /* Release */ = {
			isa = XCBuildConfiguration;
			buildSettings = {
				ASSETCATALOG_COMPILER_APPICON_NAME = AppIcon;
				INFOPLIST_FILE = TesteHandle/Info.plist;
				LD_RUNPATH_SEARCH_PATHS = "$(inherited) @executable_path/Frameworks";
				PRODUCT_NAME = "$(TARGET_NAME)";
			};
			name = Release;
		};
		A0BEE7BD1A6690280051CF4D /* Debug */ = {
			isa = XCBuildConfiguration;
			buildSettings = {
				BUNDLE_LOADER = "$(TEST_HOST)";
				FRAMEWORK_SEARCH_PATHS = (
					"$(SDKROOT)/Developer/Library/Frameworks",
					"$(inherited)",
				);
				GCC_PREPROCESSOR_DEFINITIONS = (
					"DEBUG=1",
					"$(inherited)",
				);
				INFOPLIST_FILE = TesteHandleTests/Info.plist;
				LD_RUNPATH_SEARCH_PATHS = "$(inherited) @executable_path/Frameworks @loader_path/Frameworks";
				PRODUCT_NAME = "$(TARGET_NAME)";
				TEST_HOST = "$(BUILT_PRODUCTS_DIR)/TesteHandle.app/TesteHandle";
			};
			name = Debug;
		};
		A0BEE7BE1A6690280051CF4D /* Release */ = {
			isa = XCBuildConfiguration;
			buildSettings = {
				BUNDLE_LOADER = "$(TEST_HOST)";
				FRAMEWORK_SEARCH_PATHS = (
					"$(SDKROOT)/Developer/Library/Frameworks",
					"$(inherited)",
				);
				INFOPLIST_FILE = TesteHandleTests/Info.plist;
				LD_RUNPATH_SEARCH_PATHS = "$(inherited) @executable_path/Frameworks @loader_path/Frameworks";
				PRODUCT_NAME = "$(TARGET_NAME)";
				TEST_HOST = "$(BUILT_PRODUCTS_DIR)/TesteHandle.app/TesteHandle";
			};
			name = Release;
		};
/* End XCBuildConfiguration section */

/* Begin XCConfigurationList section */
		A0BEE7911A6690280051CF4D /* Build configuration list for PBXProject "TesteHandle" */ = {
			isa = XCConfigurationList;
			buildConfigurations = (
				A0BEE7B71A6690280051CF4D /* Debug */,
				A0BEE7B81A6690280051CF4D /* Release */,
			);
			defaultConfigurationIsVisible = 0;
			defaultConfigurationName = Release;
		};
		A0BEE7B91A6690280051CF4D /* Build configuration list for PBXNativeTarget "TesteHandle" */ = {
			isa = XCConfigurationList;
			buildConfigurations = (
				A0BEE7BA1A6690280051CF4D /* Debug */,
				A0BEE7BB1A6690280051CF4D /* Release */,
			);
			defaultConfigurationIsVisible = 0;
		};
		A0BEE7BC1A6690280051CF4D /* Build configuration list for PBXNativeTarget "TesteHandleTests" */ = {
			isa = XCConfigurationList;
			buildConfigurations = (
				A0BEE7BD1A6690280051CF4D /* Debug */,
				A0BEE7BE1A6690280051CF4D /* Release */,
			);
			defaultConfigurationIsVisible = 0;
		};
/* End XCConfigurationList section */
	};
	rootObject = A0BEE78E1A6690280051CF4D /* Project object */;
}
